
Microsoft Visual Studio Solution File, Format Version 12.00
# Visual Studio Version 17
VisualStudioVersion = 17.4.33213.308
MinimumVisualStudioVersion = 10.0.40219.1
Project("{FAE04EC0-301F-11D3-BF4B-00C04F79EFBC}") = "Eventos", "Eventos.csproj", "{6ADEF70C-EC2F-4898-9D12-F7EAAD67678C}"
EndProject
Global
	GlobalSection(SolutionConfigurationPlatforms) = preSolution
		Debug|Any CPU = Debug|Any CPU
		Release|Any CPU = Release|Any CPU
	EndGlobalSection
	GlobalSection(ProjectConfigurationPlatforms) = postSolution
		{6ADEF70C-EC2F-4898-9D12-F7EAAD67678C}.Debug|Any CPU.ActiveCfg = Debug|Any CPU
		{6ADEF70C-EC2F-4898-9D12-F7EAAD67678C}.Debug|Any CPU.Build.0 = Debug|Any CPU
		{6ADEF70C-EC2F-4898-9D12-F7EAAD67678C}.Release|Any CPU.ActiveCfg = Release|Any CPU
		{6ADEF70C-EC2F-4898-9D12-F7EAAD67678C}.Release|Any CPU.Build.0 = Release|Any CPU
	EndGlobalSection
	GlobalSection(SolutionProperties) = preSolution
		HideSolutionNode = FALSE
	EndGlobalSection
	GlobalSection(ExtensibilityGlobals) = postSolution
		SolutionGuid = {C1737469-094E-4F45-950B-2E490D72627C}
	EndGlobalSection
EndGlobal
